// !$*UTF8*$!
{
	archiveVersion = 1;
	classes = {
	};
	objectVersion = 51;
	objects = {

/* Begin PBXBuildFile section */
		AD5D53F2232CC0720038C175 /* AppDelegate.swift in Sources */ = {isa = PBXBuildFile; fileRef = AD5D53F1232CC0720038C175 /* AppDelegate.swift */; };
		AD5D53F4232CC0720038C175 /* DrinksViewController.swift in Sources */ = {isa = PBXBuildFile; fileRef = AD5D53F3232CC0720038C175 /* DrinksViewController.swift */; };
		AD5D53F7232CC0720038C175 /* DrinksViewController.storyboard in Resources */ = {isa = PBXBuildFile; fileRef = AD5D53F5232CC0720038C175 /* DrinksViewController.storyboard */; };
		AD5D53F9232CC0740038C175 /* Assets.xcassets in Resources */ = {isa = PBXBuildFile; fileRef = AD5D53F8232CC0740038C175 /* Assets.xcassets */; };
		AD5D53FC232CC0740038C175 /* LaunchScreen.storyboard in Resources */ = {isa = PBXBuildFile; fileRef = AD5D53FA232CC0740038C175 /* LaunchScreen.storyboard */; };
		AD5D540B232E8CA20038C175 /* Networkable.swift in Sources */ = {isa = PBXBuildFile; fileRef = AD5D540A232E8CA20038C175 /* Networkable.swift */; };
		AD5D5426232F85A50038C175 /* DrinksTableViewCell.swift in Sources */ = {isa = PBXBuildFile; fileRef = AD5D5424232F85A50038C175 /* DrinksTableViewCell.swift */; };
		AD5D5427232F85A50038C175 /* DrinksTableViewCell.xib in Resources */ = {isa = PBXBuildFile; fileRef = AD5D5425232F85A50038C175 /* DrinksTableViewCell.xib */; };
		AD9ECA472330E52F001B4D52 /* BaseProvider.swift in Sources */ = {isa = PBXBuildFile; fileRef = AD9ECA462330E52F001B4D52 /* BaseProvider.swift */; };
		AD9ECA492330E544001B4D52 /* DrinkProvider.swift in Sources */ = {isa = PBXBuildFile; fileRef = AD9ECA482330E544001B4D52 /* DrinkProvider.swift */; };
		AD9ECA4D2330E86E001B4D52 /* Category.swift in Sources */ = {isa = PBXBuildFile; fileRef = AD9ECA4C2330E86E001B4D52 /* Category.swift */; };
		AD9ECA512330E95B001B4D52 /* DrinksDataSource.swift in Sources */ = {isa = PBXBuildFile; fileRef = AD9ECA502330E95B001B4D52 /* DrinksDataSource.swift */; };
		AD9ECA552330FC9E001B4D52 /* DrinkService.swift in Sources */ = {isa = PBXBuildFile; fileRef = AD9ECA542330FC9E001B4D52 /* DrinkService.swift */; };
		AD9ECA5E233104E2001B4D52 /* UIView+ReuseIdentifier.swift in Sources */ = {isa = PBXBuildFile; fileRef = AD9ECA5D233104E2001B4D52 /* UIView+ReuseIdentifier.swift */; };
		AD9ECA6823320444001B4D52 /* DrinksList.swift in Sources */ = {isa = PBXBuildFile; fileRef = AD9ECA6723320444001B4D52 /* DrinksList.swift */; };
		AD9ECA6A233212DC001B4D52 /* Drink.swift in Sources */ = {isa = PBXBuildFile; fileRef = AD9ECA69233212DC001B4D52 /* Drink.swift */; };
		AD9ECA6E233218F8001B4D52 /* FiltersViewController.storyboard in Resources */ = {isa = PBXBuildFile; fileRef = AD9ECA6C233218F8001B4D52 /* FiltersViewController.storyboard */; };
		AD9ECA7123321AFA001B4D52 /* FiltersViewControllerDelegate.swift in Sources */ = {isa = PBXBuildFile; fileRef = AD9ECA7023321AFA001B4D52 /* FiltersViewControllerDelegate.swift */; };
		AD9ECA7623321B2A001B4D52 /* FilterCell.xib in Resources */ = {isa = PBXBuildFile; fileRef = AD9ECA7423321B2A001B4D52 /* FilterCell.xib */; };
		AD9ECA7823321B38001B4D52 /* FilterCell.swift in Sources */ = {isa = PBXBuildFile; fileRef = AD9ECA7723321B38001B4D52 /* FilterCell.swift */; };
		AD9ECA8423322D43001B4D52 /* DrinkCategoryHeader.swift in Sources */ = {isa = PBXBuildFile; fileRef = AD9ECA8223322D43001B4D52 /* DrinkCategoryHeader.swift */; };
		AD9ECA8523322D43001B4D52 /* DrinkCategoryHeader.xib in Resources */ = {isa = PBXBuildFile; fileRef = AD9ECA8323322D43001B4D52 /* DrinkCategoryHeader.xib */; };
		AD9ECA9B233250A8001B4D52 /* Roboto-Medium.ttf in Resources */ = {isa = PBXBuildFile; fileRef = AD9ECA89233250A8001B4D52 /* Roboto-Medium.ttf */; };
		AD9ECA9C233250A8001B4D52 /* Roboto-Light.ttf in Resources */ = {isa = PBXBuildFile; fileRef = AD9ECA8A233250A8001B4D52 /* Roboto-Light.ttf */; };
		AD9ECA9D233250A8001B4D52 /* RobotoCondensed-Bold.ttf in Resources */ = {isa = PBXBuildFile; fileRef = AD9ECA8B233250A8001B4D52 /* RobotoCondensed-Bold.ttf */; };
		AD9ECA9E233250A8001B4D52 /* RobotoCondensed-Light.ttf in Resources */ = {isa = PBXBuildFile; fileRef = AD9ECA8C233250A8001B4D52 /* RobotoCondensed-Light.ttf */; };
		AD9ECA9F233250A8001B4D52 /* Roboto-Regular.ttf in Resources */ = {isa = PBXBuildFile; fileRef = AD9ECA8D233250A8001B4D52 /* Roboto-Regular.ttf */; };
		AD9ECAA0233250A8001B4D52 /* Roboto-MediumItalic.ttf in Resources */ = {isa = PBXBuildFile; fileRef = AD9ECA8E233250A8001B4D52 /* Roboto-MediumItalic.ttf */; };
		AD9ECAA1233250A8001B4D52 /* RobotoCondensed-Italic.ttf in Resources */ = {isa = PBXBuildFile; fileRef = AD9ECA8F233250A8001B4D52 /* RobotoCondensed-Italic.ttf */; };
		AD9ECAA2233250A8001B4D52 /* RobotoCondensed-BoldItalic.ttf in Resources */ = {isa = PBXBuildFile; fileRef = AD9ECA90233250A8001B4D52 /* RobotoCondensed-BoldItalic.ttf */; };
		AD9ECAA3233250A8001B4D52 /* RobotoCondensed-LightItalic.ttf in Resources */ = {isa = PBXBuildFile; fileRef = AD9ECA91233250A8001B4D52 /* RobotoCondensed-LightItalic.ttf */; };
		AD9ECAA4233250A8001B4D52 /* Roboto-ThinItalic.ttf in Resources */ = {isa = PBXBuildFile; fileRef = AD9ECA92233250A8001B4D52 /* Roboto-ThinItalic.ttf */; };
		AD9ECAA5233250A8001B4D52 /* RobotoCondensed-Regular.ttf in Resources */ = {isa = PBXBuildFile; fileRef = AD9ECA93233250A8001B4D52 /* RobotoCondensed-Regular.ttf */; };
		AD9ECAA6233250A8001B4D52 /* Roboto-BoldItalic.ttf in Resources */ = {isa = PBXBuildFile; fileRef = AD9ECA94233250A8001B4D52 /* Roboto-BoldItalic.ttf */; };
		AD9ECAA7233250A8001B4D52 /* Roboto-LightItalic.ttf in Resources */ = {isa = PBXBuildFile; fileRef = AD9ECA95233250A8001B4D52 /* Roboto-LightItalic.ttf */; };
		AD9ECAA8233250A8001B4D52 /* Roboto-Italic.ttf in Resources */ = {isa = PBXBuildFile; fileRef = AD9ECA96233250A8001B4D52 /* Roboto-Italic.ttf */; };
		AD9ECAA9233250A8001B4D52 /* Roboto-BlackItalic.ttf in Resources */ = {isa = PBXBuildFile; fileRef = AD9ECA97233250A8001B4D52 /* Roboto-BlackItalic.ttf */; };
		AD9ECAAA233250A8001B4D52 /* Roboto-Bold.ttf in Resources */ = {isa = PBXBuildFile; fileRef = AD9ECA98233250A8001B4D52 /* Roboto-Bold.ttf */; };
		AD9ECAAB233250A8001B4D52 /* Roboto-Thin.ttf in Resources */ = {isa = PBXBuildFile; fileRef = AD9ECA99233250A8001B4D52 /* Roboto-Thin.ttf */; };
		AD9ECAAC233250A8001B4D52 /* Roboto-Black.ttf in Resources */ = {isa = PBXBuildFile; fileRef = AD9ECA9A233250A8001B4D52 /* Roboto-Black.ttf */; };
		AD9ECAAE23325BF9001B4D52 /* UIViewController+ShowAlert.swift in Sources */ = {isa = PBXBuildFile; fileRef = AD9ECAAD23325BF9001B4D52 /* UIViewController+ShowAlert.swift */; };
		BA4791CDECD5266A64627956 /* Pods_Cocktail_DB.framework in Frameworks */ = {isa = PBXBuildFile; fileRef = CAC3C3A21B6F27DBBDF1FDE2 /* Pods_Cocktail_DB.framework */; };
/* End PBXBuildFile section */

/* Begin PBXFileReference section */
		2F5A1953D9B677EB8370F38B /* Pods-Cocktail DB.debug.xcconfig */ = {isa = PBXFileReference; includeInIndex = 1; lastKnownFileType = text.xcconfig; name = "Pods-Cocktail DB.debug.xcconfig"; path = "Target Support Files/Pods-Cocktail DB/Pods-Cocktail DB.debug.xcconfig"; sourceTree = "<group>"; };
		AD5D53EE232CC0720038C175 /* Cocktail DB.app */ = {isa = PBXFileReference; explicitFileType = wrapper.application; includeInIndex = 0; path = "Cocktail DB.app"; sourceTree = BUILT_PRODUCTS_DIR; };
		AD5D53F1232CC0720038C175 /* AppDelegate.swift */ = {isa = PBXFileReference; lastKnownFileType = sourcecode.swift; path = AppDelegate.swift; sourceTree = "<group>"; };
		AD5D53F3232CC0720038C175 /* DrinksViewController.swift */ = {isa = PBXFileReference; lastKnownFileType = sourcecode.swift; path = DrinksViewController.swift; sourceTree = "<group>"; };
		AD5D53F6232CC0720038C175 /* Base */ = {isa = PBXFileReference; lastKnownFileType = file.storyboard; name = Base; path = Base.lproj/DrinksViewController.storyboard; sourceTree = "<group>"; };
		AD5D53F8232CC0740038C175 /* Assets.xcassets */ = {isa = PBXFileReference; lastKnownFileType = folder.assetcatalog; path = Assets.xcassets; sourceTree = "<group>"; };
		AD5D53FB232CC0740038C175 /* Base */ = {isa = PBXFileReference; lastKnownFileType = file.storyboard; name = Base; path = Base.lproj/LaunchScreen.storyboard; sourceTree = "<group>"; };
		AD5D53FD232CC0740038C175 /* Info.plist */ = {isa = PBXFileReference; lastKnownFileType = text.plist.xml; path = Info.plist; sourceTree = "<group>"; };
		AD5D540A232E8CA20038C175 /* Networkable.swift */ = {isa = PBXFileReference; lastKnownFileType = sourcecode.swift; path = Networkable.swift; sourceTree = "<group>"; };
		AD5D5424232F85A50038C175 /* DrinksTableViewCell.swift */ = {isa = PBXFileReference; lastKnownFileType = sourcecode.swift; path = DrinksTableViewCell.swift; sourceTree = "<group>"; };
		AD5D5425232F85A50038C175 /* DrinksTableViewCell.xib */ = {isa = PBXFileReference; lastKnownFileType = file.xib; path = DrinksTableViewCell.xib; sourceTree = "<group>"; };
		AD9ECA462330E52F001B4D52 /* BaseProvider.swift */ = {isa = PBXFileReference; lastKnownFileType = sourcecode.swift; path = BaseProvider.swift; sourceTree = "<group>"; };
		AD9ECA482330E544001B4D52 /* DrinkProvider.swift */ = {isa = PBXFileReference; lastKnownFileType = sourcecode.swift; path = DrinkProvider.swift; sourceTree = "<group>"; };
		AD9ECA4C2330E86E001B4D52 /* Category.swift */ = {isa = PBXFileReference; lastKnownFileType = sourcecode.swift; path = Category.swift; sourceTree = "<group>"; };
		AD9ECA502330E95B001B4D52 /* DrinksDataSource.swift */ = {isa = PBXFileReference; lastKnownFileType = sourcecode.swift; path = DrinksDataSource.swift; sourceTree = "<group>"; };
		AD9ECA542330FC9E001B4D52 /* DrinkService.swift */ = {isa = PBXFileReference; lastKnownFileType = sourcecode.swift; path = DrinkService.swift; sourceTree = "<group>"; };
		AD9ECA5D233104E2001B4D52 /* UIView+ReuseIdentifier.swift */ = {isa = PBXFileReference; lastKnownFileType = sourcecode.swift; path = "UIView+ReuseIdentifier.swift"; sourceTree = "<group>"; };
		AD9ECA6723320444001B4D52 /* DrinksList.swift */ = {isa = PBXFileReference; lastKnownFileType = sourcecode.swift; path = DrinksList.swift; sourceTree = "<group>"; };
		AD9ECA69233212DC001B4D52 /* Drink.swift */ = {isa = PBXFileReference; lastKnownFileType = sourcecode.swift; path = Drink.swift; sourceTree = "<group>"; };
		AD9ECA6C233218F8001B4D52 /* FiltersViewController.storyboard */ = {isa = PBXFileReference; fileEncoding = 4; lastKnownFileType = file.storyboard; path = FiltersViewController.storyboard; sourceTree = "<group>"; };
		AD9ECA7023321AFA001B4D52 /* FiltersViewControllerDelegate.swift */ = {isa = PBXFileReference; lastKnownFileType = sourcecode.swift; path = FiltersViewControllerDelegate.swift; sourceTree = "<group>"; };
		AD9ECA7423321B2A001B4D52 /* FilterCell.xib */ = {isa = PBXFileReference; fileEncoding = 4; lastKnownFileType = file.xib; path = FilterCell.xib; sourceTree = "<group>"; };
		AD9ECA7723321B38001B4D52 /* FilterCell.swift */ = {isa = PBXFileReference; lastKnownFileType = sourcecode.swift; path = FilterCell.swift; sourceTree = "<group>"; };
		AD9ECA8223322D43001B4D52 /* DrinkCategoryHeader.swift */ = {isa = PBXFileReference; fileEncoding = 4; lastKnownFileType = sourcecode.swift; path = DrinkCategoryHeader.swift; sourceTree = "<group>"; };
		AD9ECA8323322D43001B4D52 /* DrinkCategoryHeader.xib */ = {isa = PBXFileReference; fileEncoding = 4; lastKnownFileType = file.xib; path = DrinkCategoryHeader.xib; sourceTree = "<group>"; };
		AD9ECA89233250A8001B4D52 /* Roboto-Medium.ttf */ = {isa = PBXFileReference; lastKnownFileType = file; path = "Roboto-Medium.ttf"; sourceTree = "<group>"; };
		AD9ECA8A233250A8001B4D52 /* Roboto-Light.ttf */ = {isa = PBXFileReference; lastKnownFileType = file; path = "Roboto-Light.ttf"; sourceTree = "<group>"; };
		AD9ECA8B233250A8001B4D52 /* RobotoCondensed-Bold.ttf */ = {isa = PBXFileReference; lastKnownFileType = file; path = "RobotoCondensed-Bold.ttf"; sourceTree = "<group>"; };
		AD9ECA8C233250A8001B4D52 /* RobotoCondensed-Light.ttf */ = {isa = PBXFileReference; lastKnownFileType = file; path = "RobotoCondensed-Light.ttf"; sourceTree = "<group>"; };
		AD9ECA8D233250A8001B4D52 /* Roboto-Regular.ttf */ = {isa = PBXFileReference; lastKnownFileType = file; path = "Roboto-Regular.ttf"; sourceTree = "<group>"; };
		AD9ECA8E233250A8001B4D52 /* Roboto-MediumItalic.ttf */ = {isa = PBXFileReference; lastKnownFileType = file; path = "Roboto-MediumItalic.ttf"; sourceTree = "<group>"; };
		AD9ECA8F233250A8001B4D52 /* RobotoCondensed-Italic.ttf */ = {isa = PBXFileReference; lastKnownFileType = file; path = "RobotoCondensed-Italic.ttf"; sourceTree = "<group>"; };
		AD9ECA90233250A8001B4D52 /* RobotoCondensed-BoldItalic.ttf */ = {isa = PBXFileReference; lastKnownFileType = file; path = "RobotoCondensed-BoldItalic.ttf"; sourceTree = "<group>"; };
		AD9ECA91233250A8001B4D52 /* RobotoCondensed-LightItalic.ttf */ = {isa = PBXFileReference; lastKnownFileType = file; path = "RobotoCondensed-LightItalic.ttf"; sourceTree = "<group>"; };
		AD9ECA92233250A8001B4D52 /* Roboto-ThinItalic.ttf */ = {isa = PBXFileReference; lastKnownFileType = file; path = "Roboto-ThinItalic.ttf"; sourceTree = "<group>"; };
		AD9ECA93233250A8001B4D52 /* RobotoCondensed-Regular.ttf */ = {isa = PBXFileReference; lastKnownFileType = file; path = "RobotoCondensed-Regular.ttf"; sourceTree = "<group>"; };
		AD9ECA94233250A8001B4D52 /* Roboto-BoldItalic.ttf */ = {isa = PBXFileReference; lastKnownFileType = file; path = "Roboto-BoldItalic.ttf"; sourceTree = "<group>"; };
		AD9ECA95233250A8001B4D52 /* Roboto-LightItalic.ttf */ = {isa = PBXFileReference; lastKnownFileType = file; path = "Roboto-LightItalic.ttf"; sourceTree = "<group>"; };
		AD9ECA96233250A8001B4D52 /* Roboto-Italic.ttf */ = {isa = PBXFileReference; lastKnownFileType = file; path = "Roboto-Italic.ttf"; sourceTree = "<group>"; };
		AD9ECA97233250A8001B4D52 /* Roboto-BlackItalic.ttf */ = {isa = PBXFileReference; lastKnownFileType = file; path = "Roboto-BlackItalic.ttf"; sourceTree = "<group>"; };
		AD9ECA98233250A8001B4D52 /* Roboto-Bold.ttf */ = {isa = PBXFileReference; lastKnownFileType = file; path = "Roboto-Bold.ttf"; sourceTree = "<group>"; };
		AD9ECA99233250A8001B4D52 /* Roboto-Thin.ttf */ = {isa = PBXFileReference; lastKnownFileType = file; path = "Roboto-Thin.ttf"; sourceTree = "<group>"; };
		AD9ECA9A233250A8001B4D52 /* Roboto-Black.ttf */ = {isa = PBXFileReference; lastKnownFileType = file; path = "Roboto-Black.ttf"; sourceTree = "<group>"; };
		AD9ECAAD23325BF9001B4D52 /* UIViewController+ShowAlert.swift */ = {isa = PBXFileReference; lastKnownFileType = sourcecode.swift; path = "UIViewController+ShowAlert.swift"; sourceTree = "<group>"; };
		BEAF615D35141736829D13F1 /* Pods-Cocktail DB.release.xcconfig */ = {isa = PBXFileReference; includeInIndex = 1; lastKnownFileType = text.xcconfig; name = "Pods-Cocktail DB.release.xcconfig"; path = "Target Support Files/Pods-Cocktail DB/Pods-Cocktail DB.release.xcconfig"; sourceTree = "<group>"; };
		CAC3C3A21B6F27DBBDF1FDE2 /* Pods_Cocktail_DB.framework */ = {isa = PBXFileReference; explicitFileType = wrapper.framework; includeInIndex = 0; path = Pods_Cocktail_DB.framework; sourceTree = BUILT_PRODUCTS_DIR; };
/* End PBXFileReference section */

/* Begin PBXFrameworksBuildPhase section */
		AD5D53EB232CC0720038C175 /* Frameworks */ = {
			isa = PBXFrameworksBuildPhase;
			buildActionMask = 2147483647;
			files = (
				BA4791CDECD5266A64627956 /* Pods_Cocktail_DB.framework in Frameworks */,
			);
			runOnlyForDeploymentPostprocessing = 0;
		};
/* End PBXFrameworksBuildPhase section */

/* Begin PBXGroup section */
		71CFBB8460C9F23FC43EED0B /* Frameworks */ = {
			isa = PBXGroup;
			children = (
				CAC3C3A21B6F27DBBDF1FDE2 /* Pods_Cocktail_DB.framework */,
			);
			name = Frameworks;
			sourceTree = "<group>";
		};
		9A46AA4B9B6C0082BB1B4E72 /* Pods */ = {
			isa = PBXGroup;
			children = (
				2F5A1953D9B677EB8370F38B /* Pods-Cocktail DB.debug.xcconfig */,
				BEAF615D35141736829D13F1 /* Pods-Cocktail DB.release.xcconfig */,
			);
			path = Pods;
			sourceTree = "<group>";
		};
		AD5D53E5232CC0720038C175 = {
			isa = PBXGroup;
			children = (
				AD5D53F0232CC0720038C175 /* Cocktail DB */,
				AD5D53EF232CC0720038C175 /* Products */,
				9A46AA4B9B6C0082BB1B4E72 /* Pods */,
				71CFBB8460C9F23FC43EED0B /* Frameworks */,
			);
			sourceTree = "<group>";
		};
		AD5D53EF232CC0720038C175 /* Products */ = {
			isa = PBXGroup;
			children = (
				AD5D53EE232CC0720038C175 /* Cocktail DB.app */,
			);
			name = Products;
			sourceTree = "<group>";
		};
		AD5D53F0232CC0720038C175 /* Cocktail DB */ = {
			isa = PBXGroup;
			children = (
				AD5D5404232E7FA60038C175 /* Models */,
				AD5D5405232E7FB20038C175 /* Views */,
				AD5D5403232E7F980038C175 /* Controllers */,
				AD9ECA452330E51D001B4D52 /* API */,
				AD5D5409232E8C930038C175 /* Extensions */,
				AD5D53F1232CC0720038C175 /* AppDelegate.swift */,
				AD5D53F8232CC0740038C175 /* Assets.xcassets */,
				AD5D53FA232CC0740038C175 /* LaunchScreen.storyboard */,
				AD9ECA86233250A8001B4D52 /* Resources */,
				AD9ECA612331F64E001B4D52 /* Supporting Files */,
			);
			path = "Cocktail DB";
			sourceTree = "<group>";
		};
		AD5D5403232E7F980038C175 /* Controllers */ = {
			isa = PBXGroup;
			children = (
				AD9ECA6B233218F8001B4D52 /* FiltersViewController */,
				AD9ECA602331F60D001B4D52 /* DrinksViewController */,
			);
			path = Controllers;
			sourceTree = "<group>";
		};
		AD5D5404232E7FA60038C175 /* Models */ = {
			isa = PBXGroup;
			children = (
				AD9ECA69233212DC001B4D52 /* Drink.swift */,
				AD9ECA4C2330E86E001B4D52 /* Category.swift */,
				AD9ECA6723320444001B4D52 /* DrinksList.swift */,
				AD9ECA502330E95B001B4D52 /* DrinksDataSource.swift */,
			);
			path = Models;
			sourceTree = "<group>";
		};
		AD5D5405232E7FB20038C175 /* Views */ = {
			isa = PBXGroup;
			children = (
				AD9ECA8123322D43001B4D52 /* Headers */,
				AD9ECA642331F6D4001B4D52 /* Cells */,
			);
			path = Views;
			sourceTree = "<group>";
		};
		AD5D5406232E87770038C175 /* Services */ = {
			isa = PBXGroup;
			children = (
				AD9ECA542330FC9E001B4D52 /* DrinkService.swift */,
				AD5D540A232E8CA20038C175 /* Networkable.swift */,
			);
			path = Services;
			sourceTree = "<group>";
		};
		AD5D5409232E8C930038C175 /* Extensions */ = {
			isa = PBXGroup;
			children = (
				AD9ECA5D233104E2001B4D52 /* UIView+ReuseIdentifier.swift */,
				AD9ECAAD23325BF9001B4D52 /* UIViewController+ShowAlert.swift */,
			);
			path = Extensions;
			sourceTree = "<group>";
		};
		AD9ECA442330CA01001B4D52 /* DrinksCell */ = {
			isa = PBXGroup;
			children = (
				AD5D5425232F85A50038C175 /* DrinksTableViewCell.xib */,
				AD5D5424232F85A50038C175 /* DrinksTableViewCell.swift */,
			);
			path = DrinksCell;
			sourceTree = "<group>";
		};
		AD9ECA452330E51D001B4D52 /* API */ = {
			isa = PBXGroup;
			children = (
				AD9ECA662331F7C9001B4D52 /* Providers */,
				AD5D5406232E87770038C175 /* Services */,
			);
			path = API;
			sourceTree = "<group>";
		};
		AD9ECA602331F60D001B4D52 /* DrinksViewController */ = {
			isa = PBXGroup;
			children = (
				AD5D53F5232CC0720038C175 /* DrinksViewController.storyboard */,
				AD5D53F3232CC0720038C175 /* DrinksViewController.swift */,
			);
			path = DrinksViewController;
			sourceTree = "<group>";
		};
		AD9ECA612331F64E001B4D52 /* Supporting Files */ = {
			isa = PBXGroup;
			children = (
				AD5D53FD232CC0740038C175 /* Info.plist */,
			);
			path = "Supporting Files";
			sourceTree = "<group>";
		};
		AD9ECA642331F6D4001B4D52 /* Cells */ = {
			isa = PBXGroup;
			children = (
				AD9ECA7223321B2A001B4D52 /* FilterCell */,
				AD9ECA442330CA01001B4D52 /* DrinksCell */,
			);
			path = Cells;
			sourceTree = "<group>";
		};
		AD9ECA662331F7C9001B4D52 /* Providers */ = {
			isa = PBXGroup;
			children = (
				AD9ECA462330E52F001B4D52 /* BaseProvider.swift */,
				AD9ECA482330E544001B4D52 /* DrinkProvider.swift */,
			);
			path = Providers;
			sourceTree = "<group>";
		};
		AD9ECA6B233218F8001B4D52 /* FiltersViewController */ = {
			isa = PBXGroup;
			children = (
				AD9ECA6C233218F8001B4D52 /* FiltersViewController.storyboard */,
				AD9ECA7023321AFA001B4D52 /* FiltersViewControllerDelegate.swift */,
			);
			path = FiltersViewController;
			sourceTree = "<group>";
		};
		AD9ECA7223321B2A001B4D52 /* FilterCell */ = {
			isa = PBXGroup;
			children = (
				AD9ECA7423321B2A001B4D52 /* FilterCell.xib */,
				AD9ECA7723321B38001B4D52 /* FilterCell.swift */,
			);
			path = FilterCell;
			sourceTree = "<group>";
		};
		AD9ECA8123322D43001B4D52 /* Headers */ = {
			isa = PBXGroup;
			children = (
				AD9ECA8223322D43001B4D52 /* DrinkCategoryHeader.swift */,
				AD9ECA8323322D43001B4D52 /* DrinkCategoryHeader.xib */,
			);
			name = Headers;
			path = Headers/Headers;
			sourceTree = "<group>";
		};
		AD9ECA86233250A8001B4D52 /* Resources */ = {
			isa = PBXGroup;
			children = (
				AD9ECA87233250A8001B4D52 /* Fonts */,
			);
			path = Resources;
			sourceTree = "<group>";
		};
		AD9ECA87233250A8001B4D52 /* Fonts */ = {
			isa = PBXGroup;
			children = (
				AD9ECA88233250A8001B4D52 /* Roboto */,
			);
			path = Fonts;
			sourceTree = "<group>";
		};
		AD9ECA88233250A8001B4D52 /* Roboto */ = {
			isa = PBXGroup;
			children = (
				AD9ECA89233250A8001B4D52 /* Roboto-Medium.ttf */,
				AD9ECA8A233250A8001B4D52 /* Roboto-Light.ttf */,
				AD9ECA8B233250A8001B4D52 /* RobotoCondensed-Bold.ttf */,
				AD9ECA8C233250A8001B4D52 /* RobotoCondensed-Light.ttf */,
				AD9ECA8D233250A8001B4D52 /* Roboto-Regular.ttf */,
				AD9ECA8E233250A8001B4D52 /* Roboto-MediumItalic.ttf */,
				AD9ECA8F233250A8001B4D52 /* RobotoCondensed-Italic.ttf */,
				AD9ECA90233250A8001B4D52 /* RobotoCondensed-BoldItalic.ttf */,
				AD9ECA91233250A8001B4D52 /* RobotoCondensed-LightItalic.ttf */,
				AD9ECA92233250A8001B4D52 /* Roboto-ThinItalic.ttf */,
				AD9ECA93233250A8001B4D52 /* RobotoCondensed-Regular.ttf */,
				AD9ECA94233250A8001B4D52 /* Roboto-BoldItalic.ttf */,
				AD9ECA95233250A8001B4D52 /* Roboto-LightItalic.ttf */,
				AD9ECA96233250A8001B4D52 /* Roboto-Italic.ttf */,
				AD9ECA97233250A8001B4D52 /* Roboto-BlackItalic.ttf */,
				AD9ECA98233250A8001B4D52 /* Roboto-Bold.ttf */,
				AD9ECA99233250A8001B4D52 /* Roboto-Thin.ttf */,
				AD9ECA9A233250A8001B4D52 /* Roboto-Black.ttf */,
			);
			path = Roboto;
			sourceTree = "<group>";
		};
/* End PBXGroup section */

/* Begin PBXNativeTarget section */
		AD5D53ED232CC0720038C175 /* Cocktail DB */ = {
			isa = PBXNativeTarget;
			buildConfigurationList = AD5D5400232CC0740038C175 /* Build configuration list for PBXNativeTarget "Cocktail DB" */;
			buildPhases = (
				A0F2E04B125D676A52BC3B81 /* [CP] Check Pods Manifest.lock */,
				AD5D53EA232CC0720038C175 /* Sources */,
				AD5D53EB232CC0720038C175 /* Frameworks */,
				AD5D53EC232CC0720038C175 /* Resources */,
				A9EA2B9014F656228F2B6760 /* [CP] Embed Pods Frameworks */,
			);
			buildRules = (
			);
			dependencies = (
			);
			name = "Cocktail DB";
			productName = "Cocktail DB";
			productReference = AD5D53EE232CC0720038C175 /* Cocktail DB.app */;
			productType = "com.apple.product-type.application";
		};
/* End PBXNativeTarget section */

/* Begin PBXProject section */
		AD5D53E6232CC0720038C175 /* Project object */ = {
			isa = PBXProject;
			attributes = {
				LastSwiftUpdateCheck = 1030;
				LastUpgradeCheck = 1030;
				ORGANIZATIONNAME = "Constantine Likhachov";
				TargetAttributes = {
					AD5D53ED232CC0720038C175 = {
						CreatedOnToolsVersion = 10.3;
					};
				};
			};
			buildConfigurationList = AD5D53E9232CC0720038C175 /* Build configuration list for PBXProject "Cocktail DB" */;
			compatibilityVersion = "Xcode 9.3";
			developmentRegion = en;
			hasScannedForEncodings = 0;
			knownRegions = (
				en,
				Base,
			);
			mainGroup = AD5D53E5232CC0720038C175;
			productRefGroup = AD5D53EF232CC0720038C175 /* Products */;
			projectDirPath = "";
			projectRoot = "";
			targets = (
				AD5D53ED232CC0720038C175 /* Cocktail DB */,
			);
		};
/* End PBXProject section */

/* Begin PBXResourcesBuildPhase section */
		AD5D53EC232CC0720038C175 /* Resources */ = {
			isa = PBXResourcesBuildPhase;
			buildActionMask = 2147483647;
			files = (
				AD9ECA9B233250A8001B4D52 /* Roboto-Medium.ttf in Resources */,
				AD5D53FC232CC0740038C175 /* LaunchScreen.storyboard in Resources */,
				AD9ECAAA233250A8001B4D52 /* Roboto-Bold.ttf in Resources */,
				AD9ECAA7233250A8001B4D52 /* Roboto-LightItalic.ttf in Resources */,
				AD9ECAA0233250A8001B4D52 /* Roboto-MediumItalic.ttf in Resources */,
				AD9ECAA8233250A8001B4D52 /* Roboto-Italic.ttf in Resources */,
				AD9ECAA1233250A8001B4D52 /* RobotoCondensed-Italic.ttf in Resources */,
				AD9ECA6E233218F8001B4D52 /* FiltersViewController.storyboard in Resources */,
				AD9ECAAB233250A8001B4D52 /* Roboto-Thin.ttf in Resources */,
				AD9ECAA2233250A8001B4D52 /* RobotoCondensed-BoldItalic.ttf in Resources */,
				AD9ECAA5233250A8001B4D52 /* RobotoCondensed-Regular.ttf in Resources */,
				AD5D53F9232CC0740038C175 /* Assets.xcassets in Resources */,
				AD5D53F7232CC0720038C175 /* DrinksViewController.storyboard in Resources */,
				AD5D5427232F85A50038C175 /* DrinksTableViewCell.xib in Resources */,
				AD9ECA9F233250A8001B4D52 /* Roboto-Regular.ttf in Resources */,
				AD9ECAA4233250A8001B4D52 /* Roboto-ThinItalic.ttf in Resources */,
				AD9ECAA6233250A8001B4D52 /* Roboto-BoldItalic.ttf in Resources */,
				AD9ECA9D233250A8001B4D52 /* RobotoCondensed-Bold.ttf in Resources */,
				AD9ECA7623321B2A001B4D52 /* FilterCell.xib in Resources */,
				AD9ECAA9233250A8001B4D52 /* Roboto-BlackItalic.ttf in Resources */,
				AD9ECA9E233250A8001B4D52 /* RobotoCondensed-Light.ttf in Resources */,
				AD9ECA8523322D43001B4D52 /* DrinkCategoryHeader.xib in Resources */,
				AD9ECAAC233250A8001B4D52 /* Roboto-Black.ttf in Resources */,
				AD9ECAA3233250A8001B4D52 /* RobotoCondensed-LightItalic.ttf in Resources */,
				AD9ECA9C233250A8001B4D52 /* Roboto-Light.ttf in Resources */,
			);
			runOnlyForDeploymentPostprocessing = 0;
		};
/* End PBXResourcesBuildPhase section */

/* Begin PBXShellScriptBuildPhase section */
		A0F2E04B125D676A52BC3B81 /* [CP] Check Pods Manifest.lock */ = {
			isa = PBXShellScriptBuildPhase;
			buildActionMask = 2147483647;
			files = (
			);
			inputFileListPaths = (
			);
			inputPaths = (
				"${PODS_PODFILE_DIR_PATH}/Podfile.lock",
				"${PODS_ROOT}/Manifest.lock",
			);
			name = "[CP] Check Pods Manifest.lock";
			outputFileListPaths = (
			);
			outputPaths = (
				"$(DERIVED_FILE_DIR)/Pods-Cocktail DB-checkManifestLockResult.txt",
			);
			runOnlyForDeploymentPostprocessing = 0;
			shellPath = /bin/sh;
			shellScript = "diff \"${PODS_PODFILE_DIR_PATH}/Podfile.lock\" \"${PODS_ROOT}/Manifest.lock\" > /dev/null\nif [ $? != 0 ] ; then\n    # print error to STDERR\n    echo \"error: The sandbox is not in sync with the Podfile.lock. Run 'pod install' or update your CocoaPods installation.\" >&2\n    exit 1\nfi\n# This output is used by Xcode 'outputs' to avoid re-running this script phase.\necho \"SUCCESS\" > \"${SCRIPT_OUTPUT_FILE_0}\"\n";
			showEnvVarsInLog = 0;
		};
		A9EA2B9014F656228F2B6760 /* [CP] Embed Pods Frameworks */ = {
			isa = PBXShellScriptBuildPhase;
			buildActionMask = 2147483647;
			files = (
			);
			inputFileListPaths = (
				"${PODS_ROOT}/Target Support Files/Pods-Cocktail DB/Pods-Cocktail DB-frameworks-${CONFIGURATION}-input-files.xcfilelist",
			);
			name = "[CP] Embed Pods Frameworks";
			outputFileListPaths = (
				"${PODS_ROOT}/Target Support Files/Pods-Cocktail DB/Pods-Cocktail DB-frameworks-${CONFIGURATION}-output-files.xcfilelist",
			);
			runOnlyForDeploymentPostprocessing = 0;
			shellPath = /bin/sh;
			shellScript = "\"${PODS_ROOT}/Target Support Files/Pods-Cocktail DB/Pods-Cocktail DB-frameworks.sh\"\n";
			showEnvVarsInLog = 0;
		};
/* End PBXShellScriptBuildPhase section */

/* Begin PBXSourcesBuildPhase section */
		AD5D53EA232CC0720038C175 /* Sources */ = {
			isa = PBXSourcesBuildPhase;
			buildActionMask = 2147483647;
			files = (
				AD9ECA552330FC9E001B4D52 /* DrinkService.swift in Sources */,
				AD5D5426232F85A50038C175 /* DrinksTableViewCell.swift in Sources */,
				AD9ECA492330E544001B4D52 /* DrinkProvider.swift in Sources */,
				AD9ECA8423322D43001B4D52 /* DrinkCategoryHeader.swift in Sources */,
				AD9ECA472330E52F001B4D52 /* BaseProvider.swift in Sources */,
				AD9ECA7823321B38001B4D52 /* FilterCell.swift in Sources */,
				AD9ECA4D2330E86E001B4D52 /* Category.swift in Sources */,
				AD5D53F4232CC0720038C175 /* DrinksViewController.swift in Sources */,
				AD9ECAAE23325BF9001B4D52 /* UIViewController+ShowAlert.swift in Sources */,
				AD5D540B232E8CA20038C175 /* Networkable.swift in Sources */,
				AD9ECA5E233104E2001B4D52 /* UIView+ReuseIdentifier.swift in Sources */,
				AD9ECA6823320444001B4D52 /* DrinksList.swift in Sources */,
				AD9ECA7123321AFA001B4D52 /* FiltersViewControllerDelegate.swift in Sources */,
				AD9ECA512330E95B001B4D52 /* DrinksDataSource.swift in Sources */,
				AD9ECA6A233212DC001B4D52 /* Drink.swift in Sources */,
				AD5D53F2232CC0720038C175 /* AppDelegate.swift in Sources */,
			);
			runOnlyForDeploymentPostprocessing = 0;
		};
/* End PBXSourcesBuildPhase section */

/* Begin PBXVariantGroup section */
		AD5D53F5232CC0720038C175 /* DrinksViewController.storyboard */ = {
			isa = PBXVariantGroup;
			children = (
				AD5D53F6232CC0720038C175 /* Base */,
			);
			name = DrinksViewController.storyboard;
			sourceTree = "<group>";
		};
		AD5D53FA232CC0740038C175 /* LaunchScreen.storyboard */ = {
			isa = PBXVariantGroup;
			children = (
				AD5D53FB232CC0740038C175 /* Base */,
			);
			name = LaunchScreen.storyboard;
			sourceTree = "<group>";
		};
/* End PBXVariantGroup section */

/* Begin XCBuildConfiguration section */
		AD5D53FE232CC0740038C175 /* Debug */ = {
			isa = XCBuildConfiguration;
			buildSettings = {
				ALWAYS_SEARCH_USER_PATHS = NO;
				CLANG_ANALYZER_NONNULL = YES;
				CLANG_ANALYZER_NUMBER_OBJECT_CONVERSION = YES_AGGRESSIVE;
				CLANG_CXX_LANGUAGE_STANDARD = "gnu++14";
				CLANG_CXX_LIBRARY = "libc++";
				CLANG_ENABLE_MODULES = YES;
				CLANG_ENABLE_OBJC_ARC = YES;
				CLANG_ENABLE_OBJC_WEAK = YES;
				CLANG_WARN_BLOCK_CAPTURE_AUTORELEASING = YES;
				CLANG_WARN_BOOL_CONVERSION = YES;
				CLANG_WARN_COMMA = YES;
				CLANG_WARN_CONSTANT_CONVERSION = YES;
				CLANG_WARN_DEPRECATED_OBJC_IMPLEMENTATIONS = YES;
				CLANG_WARN_DIRECT_OBJC_ISA_USAGE = YES_ERROR;
				CLANG_WARN_DOCUMENTATION_COMMENTS = YES;
				CLANG_WARN_EMPTY_BODY = YES;
				CLANG_WARN_ENUM_CONVERSION = YES;
				CLANG_WARN_INFINITE_RECURSION = YES;
				CLANG_WARN_INT_CONVERSION = YES;
				CLANG_WARN_NON_LITERAL_NULL_CONVERSION = YES;
				CLANG_WARN_OBJC_IMPLICIT_RETAIN_SELF = YES;
				CLANG_WARN_OBJC_LITERAL_CONVERSION = YES;
				CLANG_WARN_OBJC_ROOT_CLASS = YES_ERROR;
				CLANG_WARN_RANGE_LOOP_ANALYSIS = YES;
				CLANG_WARN_STRICT_PROTOTYPES = YES;
				CLANG_WARN_SUSPICIOUS_MOVE = YES;
				CLANG_WARN_UNGUARDED_AVAILABILITY = YES_AGGRESSIVE;
				CLANG_WARN_UNREACHABLE_CODE = YES;
				CLANG_WARN__DUPLICATE_METHOD_MATCH = YES;
				CODE_SIGN_IDENTITY = "iPhone Developer";
				COPY_PHASE_STRIP = NO;
				DEBUG_INFORMATION_FORMAT = dwarf;
				ENABLE_STRICT_OBJC_MSGSEND = YES;
				ENABLE_TESTABILITY = YES;
				GCC_C_LANGUAGE_STANDARD = gnu11;
				GCC_DYNAMIC_NO_PIC = NO;
				GCC_NO_COMMON_BLOCKS = YES;
				GCC_OPTIMIZATION_LEVEL = 0;
				GCC_PREPROCESSOR_DEFINITIONS = (
					"DEBUG=1",
					"$(inherited)",
				);
				GCC_WARN_64_TO_32_BIT_CONVERSION = YES;
				GCC_WARN_ABOUT_RETURN_TYPE = YES_ERROR;
				GCC_WARN_UNDECLARED_SELECTOR = YES;
				GCC_WARN_UNINITIALIZED_AUTOS = YES_AGGRESSIVE;
				GCC_WARN_UNUSED_FUNCTION = YES;
				GCC_WARN_UNUSED_VARIABLE = YES;
				IPHONEOS_DEPLOYMENT_TARGET = 12.4;
				MTL_ENABLE_DEBUG_INFO = INCLUDE_SOURCE;
				MTL_FAST_MATH = YES;
				ONLY_ACTIVE_ARCH = YES;
				SDKROOT = iphoneos;
				SWIFT_ACTIVE_COMPILATION_CONDITIONS = DEBUG;
				SWIFT_OPTIMIZATION_LEVEL = "-Onone";
			};
			name = Debug;
		};
		AD5D53FF232CC0740038C175 /* Release */ = {
			isa = XCBuildConfiguration;
			buildSettings = {
				ALWAYS_SEARCH_USER_PATHS = NO;
				CLANG_ANALYZER_NONNULL = YES;
				CLANG_ANALYZER_NUMBER_OBJECT_CONVERSION = YES_AGGRESSIVE;
				CLANG_CXX_LANGUAGE_STANDARD = "gnu++14";
				CLANG_CXX_LIBRARY = "libc++";
				CLANG_ENABLE_MODULES = YES;
				CLANG_ENABLE_OBJC_ARC = YES;
				CLANG_ENABLE_OBJC_WEAK = YES;
				CLANG_WARN_BLOCK_CAPTURE_AUTORELEASING = YES;
				CLANG_WARN_BOOL_CONVERSION = YES;
				CLANG_WARN_COMMA = YES;
				CLANG_WARN_CONSTANT_CONVERSION = YES;
				CLANG_WARN_DEPRECATED_OBJC_IMPLEMENTATIONS = YES;
				CLANG_WARN_DIRECT_OBJC_ISA_USAGE = YES_ERROR;
				CLANG_WARN_DOCUMENTATION_COMMENTS = YES;
				CLANG_WARN_EMPTY_BODY = YES;
				CLANG_WARN_ENUM_CONVERSION = YES;
				CLANG_WARN_INFINITE_RECURSION = YES;
				CLANG_WARN_INT_CONVERSION = YES;
				CLANG_WARN_NON_LITERAL_NULL_CONVERSION = YES;
				CLANG_WARN_OBJC_IMPLICIT_RETAIN_SELF = YES;
				CLANG_WARN_OBJC_LITERAL_CONVERSION = YES;
				CLANG_WARN_OBJC_ROOT_CLASS = YES_ERROR;
				CLANG_WARN_RANGE_LOOP_ANALYSIS = YES;
				CLANG_WARN_STRICT_PROTOTYPES = YES;
				CLANG_WARN_SUSPICIOUS_MOVE = YES;
				CLANG_WARN_UNGUARDED_AVAILABILITY = YES_AGGRESSIVE;
				CLANG_WARN_UNREACHABLE_CODE = YES;
				CLANG_WARN__DUPLICATE_METHOD_MATCH = YES;
				CODE_SIGN_IDENTITY = "iPhone Developer";
				COPY_PHASE_STRIP = NO;
				DEBUG_INFORMATION_FORMAT = "dwarf-with-dsym";
				ENABLE_NS_ASSERTIONS = NO;
				ENABLE_STRICT_OBJC_MSGSEND = YES;
				GCC_C_LANGUAGE_STANDARD = gnu11;
				GCC_NO_COMMON_BLOCKS = YES;
				GCC_WARN_64_TO_32_BIT_CONVERSION = YES;
				GCC_WARN_ABOUT_RETURN_TYPE = YES_ERROR;
				GCC_WARN_UNDECLARED_SELECTOR = YES;
				GCC_WARN_UNINITIALIZED_AUTOS = YES_AGGRESSIVE;
				GCC_WARN_UNUSED_FUNCTION = YES;
				GCC_WARN_UNUSED_VARIABLE = YES;
				IPHONEOS_DEPLOYMENT_TARGET = 12.4;
				MTL_ENABLE_DEBUG_INFO = NO;
				MTL_FAST_MATH = YES;
				SDKROOT = iphoneos;
				SWIFT_COMPILATION_MODE = wholemodule;
				SWIFT_OPTIMIZATION_LEVEL = "-O";
				VALIDATE_PRODUCT = YES;
			};
			name = Release;
		};
		AD5D5401232CC0740038C175 /* Debug */ = {
			isa = XCBuildConfiguration;
			baseConfigurationReference = 2F5A1953D9B677EB8370F38B /* Pods-Cocktail DB.debug.xcconfig */;
			buildSettings = {
				ASSETCATALOG_COMPILER_APPICON_NAME = AppIcon;
				CODE_SIGN_STYLE = Automatic;
				INFOPLIST_FILE = "$(SRCROOT)/Cocktail DB/Supporting Files/Info.plist";
				LD_RUNPATH_SEARCH_PATHS = (
					"$(inherited)",
					"@executable_path/Frameworks",
				);
				PRODUCT_BUNDLE_IDENTIFIER = "com.constantine.Cocktail-DB";
				PRODUCT_NAME = "$(TARGET_NAME)";
				SWIFT_VERSION = 5.0;
				TARGETED_DEVICE_FAMILY = 1;
			};
			name = Debug;
		};
		AD5D5402232CC0740038C175 /* Release */ = {
			isa = XCBuildConfiguration;
			baseConfigurationReference = BEAF615D35141736829D13F1 /* Pods-Cocktail DB.release.xcconfig */;
			buildSettings = {
				ASSETCATALOG_COMPILER_APPICON_NAME = AppIcon;
				CODE_SIGN_STYLE = Automatic;
				INFOPLIST_FILE = "$(SRCROOT)/Cocktail DB/Supporting Files/Info.plist";
				LD_RUNPATH_SEARCH_PATHS = (
					"$(inherited)",
					"@executable_path/Frameworks",
				);
				PRODUCT_BUNDLE_IDENTIFIER = "com.constantine.Cocktail-DB";
				PRODUCT_NAME = "$(TARGET_NAME)";
				SWIFT_VERSION = 5.0;
				TARGETED_DEVICE_FAMILY = 1;
			};
			name = Release;
		};
/* End XCBuildConfiguration section */

/* Begin XCConfigurationList section */
		AD5D53E9232CC0720038C175 /* Build configuration list for PBXProject "Cocktail DB" */ = {
			isa = XCConfigurationList;
			buildConfigurations = (
				AD5D53FE232CC0740038C175 /* Debug */,
				AD5D53FF232CC0740038C175 /* Release */,
			);
			defaultConfigurationIsVisible = 0;
			defaultConfigurationName = Release;
		};
		AD5D5400232CC0740038C175 /* Build configuration list for PBXNativeTarget "Cocktail DB" */ = {
			isa = XCConfigurationList;
			buildConfigurations = (
				AD5D5401232CC0740038C175 /* Debug */,
				AD5D5402232CC0740038C175 /* Release */,
			);
			defaultConfigurationIsVisible = 0;
			defaultConfigurationName = Release;
		};
/* End XCConfigurationList section */
	};
	rootObject = AD5D53E6232CC0720038C175 /* Project object */;
}
